{
  "lockfileVersion": 1,
  "configVersion": 1,
  "workspaces": {
    "": {
      "name": "argo",
      "devDependencies": {
        "@biomejs/biome": "2.5.4",
        "husky": "^9.1.7",
        "jscpd": "^5.0.12",
        "lint-staged": "^17.1.0",
        "turbo": "^2.3.3",
      },
    },
    "apps/macOS": {
      "name": "@argo/macos",
    },
    "packages/argo-skills": {
      "name": "argo-skills",
      "version": "0.1.0",
      "bin": {
        "argo-skills": "bin/scaffold.mjs",
      },
    },
  },
  "packages": {
    "@argo/macos": ["@argo/macos@workspace:apps/macOS"],

    "@biomejs/biome": ["@biomejs/biome@2.5.4", "", { "optionalDependencies": { "@biomejs/cli-darwin-arm64": "2.5.4", "@biomejs/cli-darwin-x64": "2.5.4", "@biomejs/cli-linux-arm64": "2.5.4", "@biomejs/cli-linux-arm64-musl": "2.5.4", "@biomejs/cli-linux-x64": "2.5.4", "@biomejs/cli-linux-x64-musl": "2.5.4", "@biomejs/cli-win32-arm64": "2.5.4", "@biomejs/cli-win32-x64": "2.5.4" }, "bin": { "biome": "bin/biome" } }, "sha512-xy5FNE5kQJKyK5MR1gJy6ztXYx4WBAbYGlK04lMEgmyPRWKybY9NFwiG9yo0XdzOU8Xvhj41u034J1ywfoWfMw=="],

    "@biomejs/cli-darwin-arm64": ["@biomejs/cli-darwin-arm64@2.5.4", "", { "os": "darwin", "cpu": "arm64" }, "sha512-4o3NFRobXHynkgcFVrlZsoDAFtF2ldlEGN8sORSws5ZQqyY4PXnPUIylu4ksfyHuwkfvDREuWh3JK+niRwGq3w=="],

    "@biomejs/cli-darwin-x64": ["@biomejs/cli-darwin-x64@2.5.4", "", { "os": "darwin", "cpu": "x64" }, "sha512-D32P5HkU2Y6PySuC/WsVDTOgsDwVFmujzhhhOQjajtATpVWFDXuVd3oRbsWNSEA+aaFzyzZm22szsyydBYlSyQ=="],

    "@biomejs/cli-linux-arm64": ["@biomejs/cli-linux-arm64@2.5.4", "", { "os": "linux", "cpu": "arm64" }, "sha512-pSEfW7B8kTsXUjUxC1xVVK+y85Ht3C5XxZ9gclmC7/3Ku9Vqz8jmI7k0p/BNIjQ6t4sFERI2sFeH73ybiZl6YQ=="],

    "@biomejs/cli-linux-arm64-musl": ["@biomejs/cli-linux-arm64-musl@2.5.4", "", { "os": "linux", "cpu": "arm64" }, "sha512-Rpm5/AT1m+DlJmUoYvS4/vXc+0tXJPJ2NQz25TGPyHVF5JrWy75PE0GH6kVxsKtQDuCH4OgzquZq0R4kj/wCVg=="],

    "@biomejs/cli-linux-x64": ["@biomejs/cli-linux-x64@2.5.4", "", { "os": "linux", "cpu": "x64" }, "sha512-FNxojWJkL7EajAuzBgoLe0T2G0y112M4lBrDIFl/DomFTx8yqenYOIdsRLNXvOvBBofE8hJi85LjzLmBDpY7/Q=="],

    "@biomejs/cli-linux-x64-musl": ["@biomejs/cli-linux-x64-musl@2.5.4", "", { "os": "linux", "cpu": "x64" }, "sha512-aby/PohmmgbShcHqFsZVzG8H6D98+P+A6xRWRrQcLW1pCjabcov5UUlke4UqNQBYTkDQav+jB4zyyDDeKB2GaA=="],

    "@biomejs/cli-win32-arm64": ["@biomejs/cli-win32-arm64@2.5.4", "", { "os": "win32", "cpu": "arm64" }, "sha512-emoXexPZIPAZkz2RKmA95WJUqK3I5MJNYtwEbL5ESciRzhmFMMyekDhNG8hpeOaK+ZGRDxAU4wvGuA5IHQ0h0w=="],

    "@biomejs/cli-win32-x64": ["@biomejs/cli-win32-x64@2.5.4", "", { "os": "win32", "cpu": "x64" }, "sha512-U1jaluLw1qQc2Tx7/CeSoL9N5XcqIH+GWjpUAy1ouB5nVjSCMNO+NNHdY3RAs8zxNurLWAdj6pehQdCA2zyU+Q=="],

    "@turbo/darwin-64": ["@turbo/darwin-64@2.10.5", "", { "os": "darwin", "cpu": "x64" }, "sha512-ENvPwy3x5yS7MwNYHeWjqOBXkwIMp39Pd+/zXC6PoiNzF8EIvvLZOZZ+ny6L9x4WgS5vxUii2LM5gM+zjPdnWw=="],

    "@turbo/darwin-arm64": ["@turbo/darwin-arm64@2.10.5", "", { "os": "darwin", "cpu": "arm64" }, "sha512-rqROo9zsF/P9RqsdtbLD1nFJicjSrYyvQ9kNJC38AbxA3pAs6VAlATvtvOFx7bqOv6vicf20SP9kF33avJjy2w=="],

    "@turbo/linux-64": ["@turbo/linux-64@2.10.5", "", { "os": "linux", "cpu": "x64" }, "sha512-RoSSiNFUxi27zLJuM9F6GyWWjHgLch9t6nwD6K0FkXRirZkTLlzIj6IhFnK8H9++nefLtdFqylE4vGjZAv6AAA=="],

    "@turbo/linux-arm64": ["@turbo/linux-arm64@2.10.5", "", { "os": "linux", "cpu": "arm64" }, "sha512-4ZComcpzmHGmVynQqvvi+iZOSq/tBvY1SltXB8g4NZRsrA01W8E+yRL8RNM+PLoyWsrCnJa8xa+DkWkv+xg4iQ=="],

    "@turbo/windows-64": ["@turbo/windows-64@2.10.5", "", { "os": "win32", "cpu": "x64" }, "sha512-eL2Iyj4DbMINq1Sr1w0iAi6nAiZOF16KSlRGwCJpVh+IWZeY33MAsLHVOBMj1xoFtncVJXclCVpTPL2nBoYkFg=="],

    "@turbo/windows-arm64": ["@turbo/windows-arm64@2.10.5", "", { "os": "win32", "cpu": "arm64" }, "sha512-sog+wP+8YSJrdWZ/rUJg8xghVTrwoG+BrSlDQpnK5fzSgJHn1INRWXbVWRH0d3vX8dBI01E3yxXRre9Dn+OXQA=="],

    "argo-skills": ["argo-skills@workspace:packages/argo-skills"],

    "husky": ["husky@9.1.7", "", { "bin": { "husky": "bin.js" } }, "sha512-5gs5ytaNjBrh5Ow3zrvdUUY+0VxIuWVL4i9irt6friV+BqdCfmV11CQTWMiBYWHbXhco+J1kHfTOUkePhCDvMA=="],

    "jscpd": ["jscpd@5.0.12", "", { "optionalDependencies": { "jscpd-darwin-arm64": "5.0.12", "jscpd-darwin-x64": "5.0.12", "jscpd-linux-arm64-gnu": "5.0.12", "jscpd-linux-x64-gnu": "5.0.12", "jscpd-linux-x64-musl": "5.0.12", "jscpd-windows-x64-msvc": "5.0.12" }, "bin": { "jscpd": "run-jscpd.js" } }, "sha512-87dC+akj2mCywlt8p3xnRlDg0B55u4GDbfE9cuwOOeIxbEuWuIoNqGoYi65A0516aJ4EzAjGwBj1Qb/Ahc8WAQ=="],

    "jscpd-darwin-arm64": ["jscpd-darwin-arm64@5.0.12", "", { "os": "darwin", "cpu": "arm64" }, "sha512-CQCDYhQY9yOGGeauzkRGYW/QtXurPCjfDkEhUoM/M5UdmpzxfG3i9mnNsaheJ0RdFRf73mL7JaLVRP8U2l5/kA=="],

    "jscpd-darwin-x64": ["jscpd-darwin-x64@5.0.12", "", { "os": "darwin", "cpu": "x64" }, "sha512-7XNCDfChP9fPkIWLepd0zGnTov7/5mR7rJ5Utc1MdWFdgkN//qz6FAJ1FhQA0E/qjFedy9XTucfUCgLybSBsjw=="],

    "jscpd-linux-arm64-gnu": ["jscpd-linux-arm64-gnu@5.0.12", "", { "os": "linux", "cpu": "arm64" }, "sha512-i/usHD0/8twzb2Qo4vFWcnuAD4IDLS6K/mTXwYy1CiJZDw4gmjfH45jtjdKUyoutTAiNs+ZWZgx1gIRljUbFuA=="],

    "jscpd-linux-x64-gnu": ["jscpd-linux-x64-gnu@5.0.12", "", { "os": "linux", "cpu": "x64" }, "sha512-TqaeSTaGawcqyXSrQvYJFtLRn4aQeHgphGGsq2ZtVAg+lPeuMmh81c3bl0yi2dL3gDX1RGBQKBVul1XQknOuoA=="],

    "jscpd-linux-x64-musl": ["jscpd-linux-x64-musl@5.0.12", "", { "os": "linux", "cpu": "x64" }, "sha512-WelugY1/rdoo0Y0sqJ2XQOIvyIZTfRe+vP3MJe4XvEUwPF0v+9SQoS34FnfblRhsddVixyNkgl7x/sHid9UMJw=="],

    "jscpd-windows-x64-msvc": ["jscpd-windows-x64-msvc@5.0.12", "", { "os": "win32", "cpu": "x64" }, "sha512-01x1klKjvfzI6Of5tI9u72x7TIQZQLLG6kMdsEPJKl/BXbskdknrfCepeTXRBbdFPKs25jfcd0klZ4OdDvww5w=="],

    "lint-staged": ["lint-staged@17.1.0", "", { "dependencies": { "picomatch": "^4.0.5", "string-argv": "^0.3.2", "tinyexec": "^1.2.4" }, "optionalDependencies": { "yaml": "^2.9.0" }, "bin": { "lint-staged": "bin/lint-staged.js" } }, "sha512-d7UQRu/9ZPgfu4+hu/k0wny5GEaIxo+2jb2LJqQDkE7cHRTm1HGqNUDq5UOwsGPpjpaNAFmgAsYo3TR+i9cSJw=="],

    "picomatch": ["picomatch@4.0.5", "", {}, "sha512-RvwwcruNjI1ncT5xRakeyS9Lf8lcItv34KD+aif+VH9kduAyfYBipGh12274xtenIPZ119/R9BdTBa8gAwSh0A=="],

    "string-argv": ["string-argv@0.3.2", "", {}, "sha512-aqD2Q0144Z+/RqG52NeHEkZauTAUWJO8c6yTftGJKO3Tja5tUgIfmIl6kExvhtxSDP7fXB6DvzkfMpCd/F3G+Q=="],

    "tinyexec": ["tinyexec@1.2.4", "", {}, "sha512-SHf/r48b7vOrjve9PxJo3MN5v5yuyjHvdUcrQffT3WXMUfnGmHDVbC4k3sHJaJTgZCwpUplIaAo5ANtMyp3YHg=="],

    "turbo": ["turbo@2.10.5", "", { "optionalDependencies": { "@turbo/darwin-64": "2.10.5", "@turbo/darwin-arm64": "2.10.5", "@turbo/linux-64": "2.10.5", "@turbo/linux-arm64": "2.10.5", "@turbo/windows-64": "2.10.5", "@turbo/windows-arm64": "2.10.5" }, "bin": { "turbo": "bin/turbo" } }, "sha512-07Y/C7OUp23l4P92PJoYtFNbHjLhftrZH5Ce7dbczS4kX2Re+wtbXvZLoxn/pUtzgsQaRCBaRuZPJp4zmAn0WQ=="],

    "yaml": ["yaml@2.9.0", "", { "bin": { "yaml": "bin.mjs" } }, "sha512-2AvhNX3mb8zd6Zy7INTtSpl1F15HW6Wnqj0srWlkKLcpYl/gMIMJiyuGq2KeI2YFxUPjdlB+3Lc10seMLtL4cA=="],
  }
}
